
Microsoft Visual Studio Solution File, Format Version 12.00
# Visual Studio Version 17
VisualStudioVersion = 17.1.32228.430
MinimumVisualStudioVersion = 10.0.40219.1
Project("{FAE04EC0-301F-11D3-BF4B-00C04F79EFBC}") = "Ejercicios12", "Ejercicios12.csproj", "{9C3ACBE1-EF88-488D-8686-776C067770B7}"
EndProject
Global
	GlobalSection(SolutionConfigurationPlatforms) = preSolution
		Debug|Any CPU = Debug|Any CPU
		Release|Any CPU = Release|Any CPU
	EndGlobalSection
	GlobalSection(ProjectConfigurationPlatforms) = postSolution
		{9C3ACBE1-EF88-488D-8686-776C067770B7}.Debug|Any CPU.ActiveCfg = Debug|Any CPU
		{9C3ACBE1-EF88-488D-8686-776C067770B7}.Debug|Any CPU.Build.0 = Debug|Any CPU
		{9C3ACBE1-EF88-488D-8686-776C067770B7}.Release|Any CPU.ActiveCfg = Release|Any CPU
		{9C3ACBE1-EF88-488D-8686-776C067770B7}.Release|Any CPU.Build.0 = Release|Any CPU
	EndGlobalSection
	GlobalSection(SolutionProperties) = preSolution
		HideSolutionNode = FALSE
	EndGlobalSection
	GlobalSection(ExtensibilityGlobals) = postSolution
		SolutionGuid = {5F346C76-BF1E-4A7B-B2D8-8591FFA3C291}
	EndGlobalSection
EndGlobal
